
Microsoft Visual Studio Solution File, Format Version 12.00
# Visual Studio Version 17
VisualStudioVersion = 17.6.33723.286
MinimumVisualStudioVersion = 10.0.40219.1
Project("{FAE04EC0-301F-11D3-BF4B-00C04F79EFBC}") = "SampleApp", "SampleApp\SampleApp.csproj", "{A8E0EEE0-B645-40F9-AC69-9A63C48C596E}"
EndProject
Global
	GlobalSection(SolutionConfigurationPlatforms) = preSolution
		Debug|Any CPU = Debug|Any CPU
		Release|Any CPU = Release|Any CPU
	EndGlobalSection
	GlobalSection(ProjectConfigurationPlatforms) = postSolution
		{A8E0EEE0-B645-40F9-AC69-9A63C48C596E}.Debug|Any CPU.ActiveCfg = Debug|Any CPU
		{A8E0EEE0-B645-40F9-AC69-9A63C48C596E}.Debug|Any CPU.Build.0 = Debug|Any CPU
		{A8E0EEE0-B645-40F9-AC69-9A63C48C596E}.Release|Any CPU.ActiveCfg = Release|Any CPU
		{A8E0EEE0-B645-40F9-AC69-9A63C48C596E}.Release|Any CPU.Build.0 = Release|Any CPU
	EndGlobalSection
	GlobalSection(SolutionProperties) = preSolution
		HideSolutionNode = FALSE
	EndGlobalSection
	GlobalSection(ExtensibilityGlobals) = postSolution
		SolutionGuid = {BDF382CF-E27D-474A-87AC-115A4B4F740B}
	EndGlobalSection
EndGlobal
